// !$*UTF8*$!
{
	archiveVersion = 1;
	classes = {
	};
	objectVersion = 50;
	objects = {

/* Begin PBXBuildFile section */
		BCAFAA3F255C7BB600AEBBD9 /* Concentration.swift in Sources */ = {isa = PBXBuildFile; fileRef = BCAFAA3E255C7BB600AEBBD9 /* Concentration.swift */; };
		BCAFAA42255C81B900AEBBD9 /* Card.swift in Sources */ = {isa = PBXBuildFile; fileRef = BCAFAA41255C81B900AEBBD9 /* Card.swift */; };
		BCC5951025536BAE00081C5B /* AppDelegate.swift in Sources */ = {isa = PBXBuildFile; fileRef = BCC5950F25536BAE00081C5B /* AppDelegate.swift */; };
		BCC5951225536BAE00081C5B /* SceneDelegate.swift in Sources */ = {isa = PBXBuildFile; fileRef = BCC5951125536BAE00081C5B /* SceneDelegate.swift */; };
		BCC5951425536BAE00081C5B /* ViewController.swift in Sources */ = {isa = PBXBuildFile; fileRef = BCC5951325536BAE00081C5B /* ViewController.swift */; };
		BCC5951725536BAE00081C5B /* Main.storyboard in Resources */ = {isa = PBXBuildFile; fileRef = BCC5951525536BAE00081C5B /* Main.storyboard */; };
		BCC5951925536BB000081C5B /* Assets.xcassets in Resources */ = {isa = PBXBuildFile; fileRef = BCC5951825536BB000081C5B /* Assets.xcassets */; };
		BCC5951C25536BB000081C5B /* LaunchScreen.storyboard in Resources */ = {isa = PBXBuildFile; fileRef = BCC5951A25536BB000081C5B /* LaunchScreen.storyboard */; };
/* End PBXBuildFile section */

/* Begin PBXFileReference section */
		BCAFAA3E255C7BB600AEBBD9 /* Concentration.swift */ = {isa = PBXFileReference; lastKnownFileType = sourcecode.swift; path = Concentration.swift; sourceTree = "<group>"; };
		BCAFAA41255C81B900AEBBD9 /* Card.swift */ = {isa = PBXFileReference; lastKnownFileType = sourcecode.swift; path = Card.swift; sourceTree = "<group>"; };
		BCC5950C25536BAE00081C5B /* c05.app */ = {isa = PBXFileReference; explicitFileType = wrapper.application; includeInIndex = 0; path = c05.app; sourceTree = BUILT_PRODUCTS_DIR; };
		BCC5950F25536BAE00081C5B /* AppDelegate.swift */ = {isa = PBXFileReference; lastKnownFileType = sourcecode.swift; path = AppDelegate.swift; sourceTree = "<group>"; };
		BCC5951125536BAE00081C5B /* SceneDelegate.swift */ = {isa = PBXFileReference; lastKnownFileType = sourcecode.swift; path = SceneDelegate.swift; sourceTree = "<group>"; };
		BCC5951325536BAE00081C5B /* ViewController.swift */ = {isa = PBXFileReference; lastKnownFileType = sourcecode.swift; path = ViewController.swift; sourceTree = "<group>"; };
		BCC5951625536BAE00081C5B /* Base */ = {isa = PBXFileReference; lastKnownFileType = file.storyboard; name = Base; path = Base.lproj/Main.storyboard; sourceTree = "<group>"; };
		BCC5951825536BB000081C5B /* Assets.xcassets */ = {isa = PBXFileReference; lastKnownFileType = folder.assetcatalog; path = Assets.xcassets; sourceTree = "<group>"; };
		BCC5951B25536BB000081C5B /* Base */ = {isa = PBXFileReference; lastKnownFileType = file.storyboard; name = Base; path = Base.lproj/LaunchScreen.storyboard; sourceTree = "<group>"; };
		BCC5951D25536BB000081C5B /* Info.plist */ = {isa = PBXFileReference; lastKnownFileType = text.plist.xml; path = Info.plist; sourceTree = "<group>"; };
/* End PBXFileReference section */

/* Begin PBXFrameworksBuildPhase section */
		BCC5950925536BAE00081C5B /* Frameworks */ = {
			isa = PBXFrameworksBuildPhase;
			buildActionMask = 2147483647;
			files = (
			);
			runOnlyForDeploymentPostprocessing = 0;
		};
/* End PBXFrameworksBuildPhase section */

/* Begin PBXGroup section */
		BCC5950325536BAE00081C5B = {
			isa = PBXGroup;
			children = (
				BCC5950E25536BAE00081C5B /* c05 */,
				BCC5950D25536BAE00081C5B /* Products */,
			);
			sourceTree = "<group>";
		};
		BCC5950D25536BAE00081C5B /* Products */ = {
			isa = PBXGroup;
			children = (
				BCC5950C25536BAE00081C5B /* c05.app */,
			);
			name = Products;
			sourceTree = "<group>";
		};
		BCC5950E25536BAE00081C5B /* c05 */ = {
			isa = PBXGroup;
			children = (
				BCC5952325536DD300081C5B /* Supporting files */,
				BCC5951325536BAE00081C5B /* ViewController.swift */,
				BCAFAA3E255C7BB600AEBBD9 /* Concentration.swift */,
				BCAFAA41255C81B900AEBBD9 /* Card.swift */,
				BCC5951525536BAE00081C5B /* Main.storyboard */,
				BCC5951D25536BB000081C5B /* Info.plist */,
			);
			path = c05;
			sourceTree = "<group>";
		};
		BCC5952325536DD300081C5B /* Supporting files */ = {
			isa = PBXGroup;
			children = (
				BCC5951125536BAE00081C5B /* SceneDelegate.swift */,
				BCC5950F25536BAE00081C5B /* AppDelegate.swift */,
				BCC5951825536BB000081C5B /* Assets.xcassets */,
				BCC5951A25536BB000081C5B /* LaunchScreen.storyboard */,
			);
			path = "Supporting files";
			sourceTree = "<group>";
		};
/* End PBXGroup section */

/* Begin PBXNativeTarget section */
		BCC5950B25536BAE00081C5B /* c05 */ = {
			isa = PBXNativeTarget;
			buildConfigurationList = BCC5952025536BB000081C5B /* Build configuration list for PBXNativeTarget "c05" */;
			buildPhases = (
				BCC5950825536BAE00081C5B /* Sources */,
				BCC5950925536BAE00081C5B /* Frameworks */,
				BCC5950A25536BAE00081C5B /* Resources */,
			);
			buildRules = (
			);
			dependencies = (
			);
			name = c05;
			productName = c05;
			productReference = BCC5950C25536BAE00081C5B /* c05.app */;
			productType = "com.apple.product-type.application";
		};
/* End PBXNativeTarget section */

/* Begin PBXProject section */
		BCC5950425536BAE00081C5B /* Project object */ = {
			isa = PBXProject;
			attributes = {
				LastSwiftUpdateCheck = 1150;
				LastUpgradeCheck = 1210;
				ORGANIZATIONNAME = htrvng;
				TargetAttributes = {
					BCC5950B25536BAE00081C5B = {
						CreatedOnToolsVersion = 11.5;
					};
				};
			};
			buildConfigurationList = BCC5950725536BAE00081C5B /* Build configuration list for PBXProject "c05" */;
			compatibilityVersion = "Xcode 9.3";
			developmentRegion = en;
			hasScannedForEncodings = 0;
			knownRegions = (
				en,
				Base,
			);
			mainGroup = BCC5950325536BAE00081C5B;
			productRefGroup = BCC5950D25536BAE00081C5B /* Products */;
			projectDirPath = "";
			projectRoot = "";
			targets = (
				BCC5950B25536BAE00081C5B /* c05 */,
			);
		};
/* End PBXProject section */

/* Begin PBXResourcesBuildPhase section */
		BCC5950A25536BAE00081C5B /* Resources */ = {
			isa = PBXResourcesBuildPhase;
			buildActionMask = 2147483647;
			files = (
				BCC5951C25536BB000081C5B /* LaunchScreen.storyboard in Resources */,
				BCC5951925536BB000081C5B /* Assets.xcassets in Resources */,
				BCC5951725536BAE00081C5B /* Main.storyboard in Resources */,
			);
			runOnlyForDeploymentPostprocessing = 0;
		};
/* End PBXResourcesBuildPhase section */

/* Begin PBXSourcesBuildPhase section */
		BCC5950825536BAE00081C5B /* Sources */ = {
			isa = PBXSourcesBuildPhase;
			buildActionMask = 2147483647;
			files = (
				BCC5951425536BAE00081C5B /* ViewController.swift in Sources */,
				BCAFAA3F255C7BB600AEBBD9 /* Concentration.swift in Sources */,
				BCAFAA42255C81B900AEBBD9 /* Card.swift in Sources */,
				BCC5951025536BAE00081C5B /* AppDelegate.swift in Sources */,
				BCC5951225536BAE00081C5B /* SceneDelegate.swift in Sources */,
			);
			runOnlyForDeploymentPostprocessing = 0;
		};
/* End PBXSourcesBuildPhase section */

/* Begin PBXVariantGroup section */
		BCC5951525536BAE00081C5B /* Main.storyboard */ = {
			isa = PBXVariantGroup;
			children = (
				BCC5951625536BAE00081C5B /* Base */,
			);
			name = Main.storyboard;
			sourceTree = "<group>";
		};
		BCC5951A25536BB000081C5B /* LaunchScreen.storyboard */ = {
			isa = PBXVariantGroup;
			children = (
				BCC5951B25536BB000081C5B /* Base */,
			);
			name = LaunchScreen.storyboard;
			sourceTree = "<group>";
		};
/* End PBXVariantGroup section */

/* Begin XCBuildConfiguration section */
		BCC5951E25536BB000081C5B /* Debug */ = {
			isa = XCBuildConfiguration;
			buildSettings = {
				ALWAYS_SEARCH_USER_PATHS = NO;
				CLANG_ANALYZER_NONNULL = YES;
				CLANG_ANALYZER_NUMBER_OBJECT_CONVERSION = YES_AGGRESSIVE;
				CLANG_CXX_LANGUAGE_STANDARD = "gnu++14";
				CLANG_CXX_LIBRARY = "libc++";
				CLANG_ENABLE_MODULES = YES;
				CLANG_ENABLE_OBJC_ARC = YES;
				CLANG_ENABLE_OBJC_WEAK = YES;
				CLANG_WARN_BLOCK_CAPTURE_AUTORELEASING = YES;
				CLANG_WARN_BOOL_CONVERSION = YES;
				CLANG_WARN_COMMA = YES;
				CLANG_WARN_CONSTANT_CONVERSION = YES;
				CLANG_WARN_DEPRECATED_OBJC_IMPLEMENTATIONS = YES;
				CLANG_WARN_DIRECT_OBJC_ISA_USAGE = YES_ERROR;
				CLANG_WARN_DOCUMENTATION_COMMENTS = YES;
				CLANG_WARN_EMPTY_BODY = YES;
				CLANG_WARN_ENUM_CONVERSION = YES;
				CLANG_WARN_INFINITE_RECURSION = YES;
				CLANG_WARN_INT_CONVERSION = YES;
				CLANG_WARN_NON_LITERAL_NULL_CONVERSION = YES;
				CLANG_WARN_OBJC_IMPLICIT_RETAIN_SELF = YES;
				CLANG_WARN_OBJC_LITERAL_CONVERSION = YES;
				CLANG_WARN_OBJC_ROOT_CLASS = YES_ERROR;
				CLANG_WARN_QUOTED_INCLUDE_IN_FRAMEWORK_HEADER = YES;
				CLANG_WARN_RANGE_LOOP_ANALYSIS = YES;
				CLANG_WARN_STRICT_PROTOTYPES = YES;
				CLANG_WARN_SUSPICIOUS_MOVE = YES;
				CLANG_WARN_UNGUARDED_AVAILABILITY = YES_AGGRESSIVE;
				CLANG_WARN_UNREACHABLE_CODE = YES;
				CLANG_WARN__DUPLICATE_METHOD_MATCH = YES;
				COPY_PHASE_STRIP = NO;
				DEBUG_INFORMATION_FORMAT = dwarf;
				ENABLE_STRICT_OBJC_MSGSEND = YES;
				ENABLE_TESTABILITY = YES;
				GCC_C_LANGUAGE_STANDARD = gnu11;
				GCC_DYNAMIC_NO_PIC = NO;
				GCC_NO_COMMON_BLOCKS = YES;
				GCC_OPTIMIZATION_LEVEL = 0;
				GCC_PREPROCESSOR_DEFINITIONS = (
					"DEBUG=1",
					"$(inherited)",
				);
				GCC_WARN_64_TO_32_BIT_CONVERSION = YES;
				GCC_WARN_ABOUT_RETURN_TYPE = YES_ERROR;
				GCC_WARN_UNDECLARED_SELECTOR = YES;
				GCC_WARN_UNINITIALIZED_AUTOS = YES_AGGRESSIVE;
				GCC_WARN_UNUSED_FUNCTION = YES;
				GCC_WARN_UNUSED_VARIABLE = YES;
				IPHONEOS_DEPLOYMENT_TARGET = 13.5;
				MTL_ENABLE_DEBUG_INFO = INCLUDE_SOURCE;
				MTL_FAST_MATH = YES;
				ONLY_ACTIVE_ARCH = YES;
				SDKROOT = iphoneos;
				SWIFT_ACTIVE_COMPILATION_CONDITIONS = DEBUG;
				SWIFT_OPTIMIZATION_LEVEL = "-Onone";
			};
			name = Debug;
		};
		BCC5951F25536BB000081C5B /* Release */ = {
			isa = XCBuildConfiguration;
			buildSettings = {
				ALWAYS_SEARCH_USER_PATHS = NO;
				CLANG_ANALYZER_NONNULL = YES;
				CLANG_ANALYZER_NUMBER_OBJECT_CONVERSION = YES_AGGRESSIVE;
				CLANG_CXX_LANGUAGE_STANDARD = "gnu++14";
				CLANG_CXX_LIBRARY = "libc++";
				CLANG_ENABLE_MODULES = YES;
				CLANG_ENABLE_OBJC_ARC = YES;
				CLANG_ENABLE_OBJC_WEAK = YES;
				CLANG_WARN_BLOCK_CAPTURE_AUTORELEASING = YES;
				CLANG_WARN_BOOL_CONVERSION = YES;
				CLANG_WARN_COMMA = YES;
				CLANG_WARN_CONSTANT_CONVERSION = YES;
				CLANG_WARN_DEPRECATED_OBJC_IMPLEMENTATIONS = YES;
				CLANG_WARN_DIRECT_OBJC_ISA_USAGE = YES_ERROR;
				CLANG_WARN_DOCUMENTATION_COMMENTS = YES;
				CLANG_WARN_EMPTY_BODY = YES;
				CLANG_WARN_ENUM_CONVERSION = YES;
				CLANG_WARN_INFINITE_RECURSION = YES;
				CLANG_WARN_INT_CONVERSION = YES;
				CLANG_WARN_NON_LITERAL_NULL_CONVERSION = YES;
				CLANG_WARN_OBJC_IMPLICIT_RETAIN_SELF = YES;
				CLANG_WARN_OBJC_LITERAL_CONVERSION = YES;
				CLANG_WARN_OBJC_ROOT_CLASS = YES_ERROR;
				CLANG_WARN_QUOTED_INCLUDE_IN_FRAMEWORK_HEADER = YES;
				CLANG_WARN_RANGE_LOOP_ANALYSIS = YES;
				CLANG_WARN_STRICT_PROTOTYPES = YES;
				CLANG_WARN_SUSPICIOUS_MOVE = YES;
				CLANG_WARN_UNGUARDED_AVAILABILITY = YES_AGGRESSIVE;
				CLANG_WARN_UNREACHABLE_CODE = YES;
				CLANG_WARN__DUPLICATE_METHOD_MATCH = YES;
				COPY_PHASE_STRIP = NO;
				DEBUG_INFORMATION_FORMAT = "dwarf-with-dsym";
				ENABLE_NS_ASSERTIONS = NO;
				ENABLE_STRICT_OBJC_MSGSEND = YES;
				GCC_C_LANGUAGE_STANDARD = gnu11;
				GCC_NO_COMMON_BLOCKS = YES;
				GCC_WARN_64_TO_32_BIT_CONVERSION = YES;
				GCC_WARN_ABOUT_RETURN_TYPE = YES_ERROR;
				GCC_WARN_UNDECLARED_SELECTOR = YES;
				GCC_WARN_UNINITIALIZED_AUTOS = YES_AGGRESSIVE;
				GCC_WARN_UNUSED_FUNCTION = YES;
				GCC_WARN_UNUSED_VARIABLE = YES;
				IPHONEOS_DEPLOYMENT_TARGET = 13.5;
				MTL_ENABLE_DEBUG_INFO = NO;
				MTL_FAST_MATH = YES;
				SDKROOT = iphoneos;
				SWIFT_COMPILATION_MODE = wholemodule;
				SWIFT_OPTIMIZATION_LEVEL = "-O";
				VALIDATE_PRODUCT = YES;
			};
			name = Release;
		};
		BCC5952125536BB000081C5B /* Debug */ = {
			isa = XCBuildConfiguration;
			buildSettings = {
				ASSETCATALOG_COMPILER_APPICON_NAME = AppIcon;
				CODE_SIGN_STYLE = Automatic;
				DEVELOPMENT_TEAM = 5243K8X5NQ;
				INFOPLIST_FILE = c05/Info.plist;
				LD_RUNPATH_SEARCH_PATHS = (
					"$(inherited)",
					"@executable_path/Frameworks",
				);
				PRODUCT_BUNDLE_IDENTIFIER = "klmtvv-ya.ru.c05";
				PRODUCT_NAME = "$(TARGET_NAME)";
				SWIFT_VERSION = 5.0;
				TARGETED_DEVICE_FAMILY = "1,2";
			};
			name = Debug;
		};
		BCC5952225536BB000081C5B /* Release */ = {
			isa = XCBuildConfiguration;
			buildSettings = {
				ASSETCATALOG_COMPILER_APPICON_NAME = AppIcon;
				CODE_SIGN_STYLE = Automatic;
				DEVELOPMENT_TEAM = 5243K8X5NQ;
				INFOPLIST_FILE = c05/Info.plist;
				LD_RUNPATH_SEARCH_PATHS = (
					"$(inherited)",
					"@executable_path/Frameworks",
				);
				PRODUCT_BUNDLE_IDENTIFIER = "klmtvv-ya.ru.c05";
				PRODUCT_NAME = "$(TARGET_NAME)";
				SWIFT_VERSION = 5.0;
				TARGETED_DEVICE_FAMILY = "1,2";
			};
			name = Release;
		};
/* End XCBuildConfiguration section */

/* Begin XCConfigurationList section */
		BCC5950725536BAE00081C5B /* Build configuration list for PBXProject "c05" */ = {
			isa = XCConfigurationList;
			buildConfigurations = (
				BCC5951E25536BB000081C5B /* Debug */,
				BCC5951F25536BB000081C5B /* Release */,
			);
			defaultConfigurationIsVisible = 0;
			defaultConfigurationName = Release;
		};
		BCC5952025536BB000081C5B /* Build configuration list for PBXNativeTarget "c05" */ = {
			isa = XCConfigurationList;
			buildConfigurations = (
				BCC5952125536BB000081C5B /* Debug */,
				BCC5952225536BB000081C5B /* Release */,
			);
			defaultConfigurationIsVisible = 0;
			defaultConfigurationName = Release;
		};
/* End XCConfigurationList section */
	};
	rootObject = BCC5950425536BAE00081C5B /* Project object */;
}
